PODS:
  - MainThreadGuard (1.0.0)

DEPENDENCIES:
  - MainThreadGuard (from `../../`)

EXTERNAL SOURCES:
  MainThreadGuard:
    :path: "../../"

SPEC CHECKSUMS:
  MainThreadGuard: cb8f35d8ca7c497ad9afab033e38d4d6ed2b467d

PODFILE CHECKSUM: 820c83fb14e5abd0f19ce73c95d5fddd1bc305ee

COCOAPODS: 1.0.0.beta.5
